Microsoft Visual Studio Solution File, Format Version 12.00
# Visual Studio Version 17
VisualStudioVersion = 17.0.31903.59

Project("{E6FDF5E2-1087-414C-BA8E-7A8E1B2D5B1B}") = "WebFormsCanteen", "WebFormsCanteen.vbproj", "{2F3A0B6F-5D0B-4C62-8D6A-1D6F7B9F6A2A}"
EndProject
Global
	GlobalSection(SolutionConfigurationPlatforms) = preSolution
		GlobalSectionEntry(0) = Debug|Any CPU
		GlobalSectionEntry(1) = Release|Any CPU
	EndGlobalSection
	GlobalSection(ProjectConfigurationPlatforms) = postSolution
		GlobalSectionEntry(0) = Debug|Any CPU
		GlobalSectionEntry(1) = Release|Any CPU
	EndGlobalSection
	GlobalSection(SolutionProperties) = preSolution
		HideSolutionNode = FALSE
	EndGlobalSection
EndGlobal

